
Microsoft Visual Studio Solution File, Format Version 12.00
# Visual Studio Version 16
VisualStudioVersion = 16.0.30104.148
MinimumVisualStudioVersion = 10.0.40219.1
Project("{8BC9CEB8-8B4A-11D0-8D11-00A0C91BC942}") = "numberToWords", "numberToWords\numberToWords.vcxproj", "{84D06A95-A7D1-4BEC-BA02-4C2DE1A7B821}"
EndProject
Project("{8BC9CEB8-8B4A-11D0-8D11-00A0C91BC942}") = "intToRoman", "intToRoman\intToRoman.vcxproj", "{64605136-9A3C-4A74-B278-D41EEF131021}"
EndProject
Project("{8BC9CEB8-8B4A-11D0-8D11-00A0C91BC942}") = "isPalindrome", "isPalindrome\isPalindrome.vcxproj", "{381F9A99-368D-4C0A-9D1A-B9C9EBED6880}"
EndProject
Project("{8BC9CEB8-8B4A-11D0-8D11-00A0C91BC942}") = "reverseInteger", "reverseInteger\reverseInteger.vcxproj", "{15588B30-BEA8-48D7-B6DF-066CF888A621}"
EndProject
Project("{8BC9CEB8-8B4A-11D0-8D11-00A0C91BC942}") = "twoSum", "twoSum\twoSum.vcxproj", "{42DD6ECA-D229-4E90-8EB5-B804A52F4CFE}"
EndProject
Project("{8BC9CEB8-8B4A-11D0-8D11-00A0C91BC942}") = "nthTribonacciNumber", "nthTribonacciNumber\nthTribonacciNumber.vcxproj", "{82CC95F5-8770-4329-8622-1CD2323FB8A1}"
EndProject
Project("{8BC9CEB8-8B4A-11D0-8D11-00A0C91BC942}") = "longestSubstringWithoutRepeatingCharacters", "longestSubstringWithoutRepeatingCharacters\longestSubstringWithoutRepeatingCharacters.vcxproj", "{9F9BD01F-AB1F-4999-84A9-3FAA567DFA3C}"
EndProject
Project("{8BC9CEB8-8B4A-11D0-8D11-00A0C91BC942}") = "underGroundSystem", "underGroundSystem\underGroundSystem.vcxproj", "{4467779B-580F-4F92-A089-14F6AE44BBB4}"
EndProject
Project("{8BC9CEB8-8B4A-11D0-8D11-00A0C91BC942}") = "findLucky", "findLucky\findLucky.vcxproj", "{80ED40F5-B266-494A-8B53-C4749CC5C4D6}"
EndProject
Project("{8BC9CEB8-8B4A-11D0-8D11-00A0C91BC942}") = "hasAllCodes", "hasAllCodes\hasAllCodes.vcxproj", "{D32AA57A-F84F-46E9-9532-D1CC120D7AB6}"
EndProject
Project("{8BC9CEB8-8B4A-11D0-8D11-00A0C91BC942}") = "addTwoNumbers", "addTwoNumbers\addTwoNumbers.vcxproj", "{30FCBE9B-7305-4A3B-8E76-6DE285D450D6}"
EndProject
Global
	GlobalSection(SolutionConfigurationPlatforms) = preSolution
		Debug|ARM = Debug|ARM
		Debug|ARM64 = Debug|ARM64
		Debug|x64 = Debug|x64
		Debug|x86 = Debug|x86
		Release|ARM = Release|ARM
		Release|ARM64 = Release|ARM64
		Release|x64 = Release|x64
		Release|x86 = Release|x86
	EndGlobalSection
	GlobalSection(ProjectConfigurationPlatforms) = postSolution
		{84D06A95-A7D1-4BEC-BA02-4C2DE1A7B821}.Debug|ARM.ActiveCfg = Debug|Win32
		{84D06A95-A7D1-4BEC-BA02-4C2DE1A7B821}.Debug|ARM64.ActiveCfg = Debug|Win32
		{84D06A95-A7D1-4BEC-BA02-4C2DE1A7B821}.Debug|x64.ActiveCfg = Debug|x64
		{84D06A95-A7D1-4BEC-BA02-4C2DE1A7B821}.Debug|x64.Build.0 = Debug|x64
		{84D06A95-A7D1-4BEC-BA02-4C2DE1A7B821}.Debug|x86.ActiveCfg = Debug|Win32
		{84D06A95-A7D1-4BEC-BA02-4C2DE1A7B821}.Debug|x86.Build.0 = Debug|Win32
		{84D06A95-A7D1-4BEC-BA02-4C2DE1A7B821}.Release|ARM.ActiveCfg = Release|Win32
		{84D06A95-A7D1-4BEC-BA02-4C2DE1A7B821}.Release|ARM64.ActiveCfg = Release|Win32
		{84D06A95-A7D1-4BEC-BA02-4C2DE1A7B821}.Release|x64.ActiveCfg = Release|x64
		{84D06A95-A7D1-4BEC-BA02-4C2DE1A7B821}.Release|x64.Build.0 = Release|x64
		{84D06A95-A7D1-4BEC-BA02-4C2DE1A7B821}.Release|x86.ActiveCfg = Release|Win32
		{84D06A95-A7D1-4BEC-BA02-4C2DE1A7B821}.Release|x86.Build.0 = Release|Win32
		{64605136-9A3C-4A74-B278-D41EEF131021}.Debug|ARM.ActiveCfg = Debug|ARM
		{64605136-9A3C-4A74-B278-D41EEF131021}.Debug|ARM.Build.0 = Debug|ARM
		{64605136-9A3C-4A74-B278-D41EEF131021}.Debug|ARM.Deploy.0 = Debug|ARM
		{64605136-9A3C-4A74-B278-D41EEF131021}.Debug|ARM64.ActiveCfg = Debug|ARM64
		{64605136-9A3C-4A74-B278-D41EEF131021}.Debug|ARM64.Build.0 = Debug|ARM64
		{64605136-9A3C-4A74-B278-D41EEF131021}.Debug|ARM64.Deploy.0 = Debug|ARM64
		{64605136-9A3C-4A74-B278-D41EEF131021}.Debug|x64.ActiveCfg = Debug|x64
		{64605136-9A3C-4A74-B278-D41EEF131021}.Debug|x64.Build.0 = Debug|x64
		{64605136-9A3C-4A74-B278-D41EEF131021}.Debug|x64.Deploy.0 = Debug|x64
		{64605136-9A3C-4A74-B278-D41EEF131021}.Debug|x86.ActiveCfg = Debug|x86
		{64605136-9A3C-4A74-B278-D41EEF131021}.Release|ARM.ActiveCfg = Release|ARM
		{64605136-9A3C-4A74-B278-D41EEF131021}.Release|ARM.Build.0 = Release|ARM
		{64605136-9A3C-4A74-B278-D41EEF131021}.Release|ARM.Deploy.0 = Release|ARM
		{64605136-9A3C-4A74-B278-D41EEF131021}.Release|ARM64.ActiveCfg = Release|ARM64
		{64605136-9A3C-4A74-B278-D41EEF131021}.Release|ARM64.Build.0 = Release|ARM64
		{64605136-9A3C-4A74-B278-D41EEF131021}.Release|ARM64.Deploy.0 = Release|ARM64
		{64605136-9A3C-4A74-B278-D41EEF131021}.Release|x64.ActiveCfg = Release|x64
		{64605136-9A3C-4A74-B278-D41EEF131021}.Release|x64.Build.0 = Release|x64
		{64605136-9A3C-4A74-B278-D41EEF131021}.Release|x64.Deploy.0 = Release|x64
		{64605136-9A3C-4A74-B278-D41EEF131021}.Release|x86.ActiveCfg = Release|x86
		{64605136-9A3C-4A74-B278-D41EEF131021}.Release|x86.Build.0 = Release|x86
		{64605136-9A3C-4A74-B278-D41EEF131021}.Release|x86.Deploy.0 = Release|x86
		{381F9A99-368D-4C0A-9D1A-B9C9EBED6880}.Debug|ARM.ActiveCfg = Debug|Win32
		{381F9A99-368D-4C0A-9D1A-B9C9EBED6880}.Debug|ARM64.ActiveCfg = Debug|Win32
		{381F9A99-368D-4C0A-9D1A-B9C9EBED6880}.Debug|x64.ActiveCfg = Debug|x64
		{381F9A99-368D-4C0A-9D1A-B9C9EBED6880}.Debug|x64.Build.0 = Debug|x64
		{381F9A99-368D-4C0A-9D1A-B9C9EBED6880}.Debug|x86.ActiveCfg = Debug|Win32
		{381F9A99-368D-4C0A-9D1A-B9C9EBED6880}.Debug|x86.Build.0 = Debug|Win32
		{381F9A99-368D-4C0A-9D1A-B9C9EBED6880}.Release|ARM.ActiveCfg = Release|Win32
		{381F9A99-368D-4C0A-9D1A-B9C9EBED6880}.Release|ARM64.ActiveCfg = Release|Win32
		{381F9A99-368D-4C0A-9D1A-B9C9EBED6880}.Release|x64.ActiveCfg = Release|x64
		{381F9A99-368D-4C0A-9D1A-B9C9EBED6880}.Release|x64.Build.0 = Release|x64
		{381F9A99-368D-4C0A-9D1A-B9C9EBED6880}.Release|x86.ActiveCfg = Release|Win32
		{381F9A99-368D-4C0A-9D1A-B9C9EBED6880}.Release|x86.Build.0 = Release|Win32
		{15588B30-BEA8-48D7-B6DF-066CF888A621}.Debug|ARM.ActiveCfg = Debug|Win32
		{15588B30-BEA8-48D7-B6DF-066CF888A621}.Debug|ARM64.ActiveCfg = Debug|Win32
		{15588B30-BEA8-48D7-B6DF-066CF888A621}.Debug|x64.ActiveCfg = Debug|x64
		{15588B30-BEA8-48D7-B6DF-066CF888A621}.Debug|x64.Build.0 = Debug|x64
		{15588B30-BEA8-48D7-B6DF-066CF888A621}.Debug|x86.ActiveCfg = Debug|Win32
		{15588B30-BEA8-48D7-B6DF-066CF888A621}.Debug|x86.Build.0 = Debug|Win32
		{15588B30-BEA8-48D7-B6DF-066CF888A621}.Release|ARM.ActiveCfg = Release|Win32
		{15588B30-BEA8-48D7-B6DF-066CF888A621}.Release|ARM64.ActiveCfg = Release|Win32
		{15588B30-BEA8-48D7-B6DF-066CF888A621}.Release|x64.ActiveCfg = Release|x64
		{15588B30-BEA8-48D7-B6DF-066CF888A621}.Release|x64.Build.0 = Release|x64
		{15588B30-BEA8-48D7-B6DF-066CF888A621}.Release|x86.ActiveCfg = Release|Win32
		{15588B30-BEA8-48D7-B6DF-066CF888A621}.Release|x86.Build.0 = Release|Win32
		{42DD6ECA-D229-4E90-8EB5-B804A52F4CFE}.Debug|ARM.ActiveCfg = Debug|Win32
		{42DD6ECA-D229-4E90-8EB5-B804A52F4CFE}.Debug|ARM64.ActiveCfg = Debug|Win32
		{42DD6ECA-D229-4E90-8EB5-B804A52F4CFE}.Debug|x64.ActiveCfg = Debug|x64
		{42DD6ECA-D229-4E90-8EB5-B804A52F4CFE}.Debug|x64.Build.0 = Debug|x64
		{42DD6ECA-D229-4E90-8EB5-B804A52F4CFE}.Debug|x86.ActiveCfg = Debug|Win32
		{42DD6ECA-D229-4E90-8EB5-B804A52F4CFE}.Debug|x86.Build.0 = Debug|Win32
		{42DD6ECA-D229-4E90-8EB5-B804A52F4CFE}.Release|ARM.ActiveCfg = Release|Win32
		{42DD6ECA-D229-4E90-8EB5-B804A52F4CFE}.Release|ARM64.ActiveCfg = Release|Win32
		{42DD6ECA-D229-4E90-8EB5-B804A52F4CFE}.Release|x64.ActiveCfg = Release|x64
		{42DD6ECA-D229-4E90-8EB5-B804A52F4CFE}.Release|x64.Build.0 = Release|x64
		{42DD6ECA-D229-4E90-8EB5-B804A52F4CFE}.Release|x86.ActiveCfg = Release|Win32
		{42DD6ECA-D229-4E90-8EB5-B804A52F4CFE}.Release|x86.Build.0 = Release|Win32
		{82CC95F5-8770-4329-8622-1CD2323FB8A1}.Debug|ARM.ActiveCfg = Debug|Win32
		{82CC95F5-8770-4329-8622-1CD2323FB8A1}.Debug|ARM64.ActiveCfg = Debug|Win32
		{82CC95F5-8770-4329-8622-1CD2323FB8A1}.Debug|x64.ActiveCfg = Debug|x64
		{82CC95F5-8770-4329-8622-1CD2323FB8A1}.Debug|x64.Build.0 = Debug|x64
		{82CC95F5-8770-4329-8622-1CD2323FB8A1}.Debug|x86.ActiveCfg = Debug|Win32
		{82CC95F5-8770-4329-8622-1CD2323FB8A1}.Debug|x86.Build.0 = Debug|Win32
		{82CC95F5-8770-4329-8622-1CD2323FB8A1}.Release|ARM.ActiveCfg = Release|Win32
		{82CC95F5-8770-4329-8622-1CD2323FB8A1}.Release|ARM64.ActiveCfg = Release|Win32
		{82CC95F5-8770-4329-8622-1CD2323FB8A1}.Release|x64.ActiveCfg = Release|x64
		{82CC95F5-8770-4329-8622-1CD2323FB8A1}.Release|x64.Build.0 = Release|x64
		{82CC95F5-8770-4329-8622-1CD2323FB8A1}.Release|x86.ActiveCfg = Release|Win32
		{82CC95F5-8770-4329-8622-1CD2323FB8A1}.Release|x86.Build.0 = Release|Win32
		{9F9BD01F-AB1F-4999-84A9-3FAA567DFA3C}.Debug|ARM.ActiveCfg = Debug|Win32
		{9F9BD01F-AB1F-4999-84A9-3FAA567DFA3C}.Debug|ARM64.ActiveCfg = Debug|Win32
		{9F9BD01F-AB1F-4999-84A9-3FAA567DFA3C}.Debug|x64.ActiveCfg = Debug|x64
		{9F9BD01F-AB1F-4999-84A9-3FAA567DFA3C}.Debug|x64.Build.0 = Debug|x64
		{9F9BD01F-AB1F-4999-84A9-3FAA567DFA3C}.Debug|x86.ActiveCfg = Debug|Win32
		{9F9BD01F-AB1F-4999-84A9-3FAA567DFA3C}.Debug|x86.Build.0 = Debug|Win32
		{9F9BD01F-AB1F-4999-84A9-3FAA567DFA3C}.Release|ARM.ActiveCfg = Release|Win32
		{9F9BD01F-AB1F-4999-84A9-3FAA567DFA3C}.Release|ARM64.ActiveCfg = Release|Win32
		{9F9BD01F-AB1F-4999-84A9-3FAA567DFA3C}.Release|x64.ActiveCfg = Release|x64
		{9F9BD01F-AB1F-4999-84A9-3FAA567DFA3C}.Release|x64.Build.0 = Release|x64
		{9F9BD01F-AB1F-4999-84A9-3FAA567DFA3C}.Release|x86.ActiveCfg = Release|Win32
		{9F9BD01F-AB1F-4999-84A9-3FAA567DFA3C}.Release|x86.Build.0 = Release|Win32
		{4467779B-580F-4F92-A089-14F6AE44BBB4}.Debug|ARM.ActiveCfg = Debug|Win32
		{4467779B-580F-4F92-A089-14F6AE44BBB4}.Debug|ARM64.ActiveCfg = Debug|Win32
		{4467779B-580F-4F92-A089-14F6AE44BBB4}.Debug|x64.ActiveCfg = Debug|x64
		{4467779B-580F-4F92-A089-14F6AE44BBB4}.Debug|x64.Build.0 = Debug|x64
		{4467779B-580F-4F92-A089-14F6AE44BBB4}.Debug|x86.ActiveCfg = Debug|Win32
		{4467779B-580F-4F92-A089-14F6AE44BBB4}.Debug|x86.Build.0 = Debug|Win32
		{4467779B-580F-4F92-A089-14F6AE44BBB4}.Release|ARM.ActiveCfg = Release|Win32
		{4467779B-580F-4F92-A089-14F6AE44BBB4}.Release|ARM64.ActiveCfg = Release|Win32
		{4467779B-580F-4F92-A089-14F6AE44BBB4}.Release|x64.ActiveCfg = Release|x64
		{4467779B-580F-4F92-A089-14F6AE44BBB4}.Release|x64.Build.0 = Release|x64
		{4467779B-580F-4F92-A089-14F6AE44BBB4}.Release|x86.ActiveCfg = Release|Win32
		{4467779B-580F-4F92-A089-14F6AE44BBB4}.Release|x86.Build.0 = Release|Win32
		{80ED40F5-B266-494A-8B53-C4749CC5C4D6}.Debug|ARM.ActiveCfg = Debug|Win32
		{80ED40F5-B266-494A-8B53-C4749CC5C4D6}.Debug|ARM64.ActiveCfg = Debug|Win32
		{80ED40F5-B266-494A-8B53-C4749CC5C4D6}.Debug|x64.ActiveCfg = Debug|x64
		{80ED40F5-B266-494A-8B53-C4749CC5C4D6}.Debug|x64.Build.0 = Debug|x64
		{80ED40F5-B266-494A-8B53-C4749CC5C4D6}.Debug|x86.ActiveCfg = Debug|Win32
		{80ED40F5-B266-494A-8B53-C4749CC5C4D6}.Debug|x86.Build.0 = Debug|Win32
		{80ED40F5-B266-494A-8B53-C4749CC5C4D6}.Release|ARM.ActiveCfg = Release|Win32
		{80ED40F5-B266-494A-8B53-C4749CC5C4D6}.Release|ARM64.ActiveCfg = Release|Win32
		{80ED40F5-B266-494A-8B53-C4749CC5C4D6}.Release|x64.ActiveCfg = Release|x64
		{80ED40F5-B266-494A-8B53-C4749CC5C4D6}.Release|x64.Build.0 = Release|x64
		{80ED40F5-B266-494A-8B53-C4749CC5C4D6}.Release|x86.ActiveCfg = Release|Win32
		{80ED40F5-B266-494A-8B53-C4749CC5C4D6}.Release|x86.Build.0 = Release|Win32
		{D32AA57A-F84F-46E9-9532-D1CC120D7AB6}.Debug|ARM.ActiveCfg = Debug|Win32
		{D32AA57A-F84F-46E9-9532-D1CC120D7AB6}.Debug|ARM64.ActiveCfg = Debug|Win32
		{D32AA57A-F84F-46E9-9532-D1CC120D7AB6}.Debug|x64.ActiveCfg = Debug|x64
		{D32AA57A-F84F-46E9-9532-D1CC120D7AB6}.Debug|x64.Build.0 = Debug|x64
		{D32AA57A-F84F-46E9-9532-D1CC120D7AB6}.Debug|x86.ActiveCfg = Debug|Win32
		{D32AA57A-F84F-46E9-9532-D1CC120D7AB6}.Debug|x86.Build.0 = Debug|Win32
		{D32AA57A-F84F-46E9-9532-D1CC120D7AB6}.Release|ARM.ActiveCfg = Release|Win32
		{D32AA57A-F84F-46E9-9532-D1CC120D7AB6}.Release|ARM64.ActiveCfg = Release|Win32
		{D32AA57A-F84F-46E9-9532-D1CC120D7AB6}.Release|x64.ActiveCfg = Release|x64
		{D32AA57A-F84F-46E9-9532-D1CC120D7AB6}.Release|x64.Build.0 = Release|x64
		{D32AA57A-F84F-46E9-9532-D1CC120D7AB6}.Release|x86.ActiveCfg = Release|Win32
		{D32AA57A-F84F-46E9-9532-D1CC120D7AB6}.Release|x86.Build.0 = Release|Win32
		{30FCBE9B-7305-4A3B-8E76-6DE285D450D6}.Debug|ARM.ActiveCfg = Debug|Win32
		{30FCBE9B-7305-4A3B-8E76-6DE285D450D6}.Debug|ARM64.ActiveCfg = Debug|Win32
		{30FCBE9B-7305-4A3B-8E76-6DE285D450D6}.Debug|x64.ActiveCfg = Debug|x64
		{30FCBE9B-7305-4A3B-8E76-6DE285D450D6}.Debug|x64.Build.0 = Debug|x64
		{30FCBE9B-7305-4A3B-8E76-6DE285D450D6}.Debug|x86.ActiveCfg = Debug|Win32
		{30FCBE9B-7305-4A3B-8E76-6DE285D450D6}.Debug|x86.Build.0 = Debug|Win32
		{30FCBE9B-7305-4A3B-8E76-6DE285D450D6}.Release|ARM.ActiveCfg = Release|Win32
		{30FCBE9B-7305-4A3B-8E76-6DE285D450D6}.Release|ARM64.ActiveCfg = Release|Win32
		{30FCBE9B-7305-4A3B-8E76-6DE285D450D6}.Release|x64.ActiveCfg = Release|x64
		{30FCBE9B-7305-4A3B-8E76-6DE285D450D6}.Release|x64.Build.0 = Release|x64
		{30FCBE9B-7305-4A3B-8E76-6DE285D450D6}.Release|x86.ActiveCfg = Release|Win32
		{30FCBE9B-7305-4A3B-8E76-6DE285D450D6}.Release|x86.Build.0 = Release|Win32
	EndGlobalSection
	GlobalSection(SolutionProperties) = preSolution
		HideSolutionNode = FALSE
	EndGlobalSection
	GlobalSection(ExtensibilityGlobals) = postSolution
		SolutionGuid = {B650FE1D-726F-4F65-9E21-1BE0A66A9908}
	EndGlobalSection
EndGlobal
